// !$*UTF8*$!
{
	archiveVersion = 1;
	classes = {
	};
	objectVersion = 50;
	objects = {

/* Begin PBXBuildFile section */
		0AEE07E62716BD6E003E1838 /* main.cpp in Sources */ = {isa = PBXBuildFile; fileRef = 0AEE07E52716BD6E003E1838 /* main.cpp */; };
		0AEE07F42716BD9A003E1838 /* Tesla.cpp in Sources */ = {isa = PBXBuildFile; fileRef = 0AEE07EC2716BD9A003E1838 /* Tesla.cpp */; };
		0AEE07F52716BD9A003E1838 /* Game.cpp in Sources */ = {isa = PBXBuildFile; fileRef = 0AEE07F02716BD9A003E1838 /* Game.cpp */; };
		0AEE07F62716BD9A003E1838 /* Maze.cpp in Sources */ = {isa = PBXBuildFile; fileRef = 0AEE07F12716BD9A003E1838 /* Maze.cpp */; };
		0AEE07F72716BD9A003E1838 /* Position.cpp in Sources */ = {isa = PBXBuildFile; fileRef = 0AEE07F22716BD9A003E1838 /* Position.cpp */; };
		0AEE07FA2716C046003E1838 /* Supercharger.cpp in Sources */ = {isa = PBXBuildFile; fileRef = 0AEE07F82716C046003E1838 /* Supercharger.cpp */; };
/* End PBXBuildFile section */

/* Begin PBXCopyFilesBuildPhase section */
		0AEE07E02716BD6E003E1838 /* CopyFiles */ = {
			isa = PBXCopyFilesBuildPhase;
			buildActionMask = 2147483647;
			dstPath = /usr/share/man/man1/;
			dstSubfolderSpec = 0;
			files = (
			);
			runOnlyForDeploymentPostprocessing = 1;
		};
/* End PBXCopyFilesBuildPhase section */

/* Begin PBXFileReference section */
		0AEE07E22716BD6E003E1838 /* elektromobil */ = {isa = PBXFileReference; explicitFileType = "compiled.mach-o.executable"; includeInIndex = 0; path = elektromobil; sourceTree = BUILT_PRODUCTS_DIR; };
		0AEE07E52716BD6E003E1838 /* main.cpp */ = {isa = PBXFileReference; lastKnownFileType = sourcecode.cpp.cpp; path = main.cpp; sourceTree = "<group>"; };
		0AEE07EC2716BD9A003E1838 /* Tesla.cpp */ = {isa = PBXFileReference; fileEncoding = 4; lastKnownFileType = sourcecode.cpp.cpp; path = Tesla.cpp; sourceTree = "<group>"; };
		0AEE07ED2716BD9A003E1838 /* Tesla.h */ = {isa = PBXFileReference; fileEncoding = 4; lastKnownFileType = sourcecode.c.h; path = Tesla.h; sourceTree = "<group>"; };
		0AEE07EE2716BD9A003E1838 /* Position.h */ = {isa = PBXFileReference; fileEncoding = 4; lastKnownFileType = sourcecode.c.h; path = Position.h; sourceTree = "<group>"; };
		0AEE07EF2716BD9A003E1838 /* Maze.h */ = {isa = PBXFileReference; fileEncoding = 4; lastKnownFileType = sourcecode.c.h; path = Maze.h; sourceTree = "<group>"; };
		0AEE07F02716BD9A003E1838 /* Game.cpp */ = {isa = PBXFileReference; fileEncoding = 4; lastKnownFileType = sourcecode.cpp.cpp; path = Game.cpp; sourceTree = "<group>"; };
		0AEE07F12716BD9A003E1838 /* Maze.cpp */ = {isa = PBXFileReference; fileEncoding = 4; lastKnownFileType = sourcecode.cpp.cpp; path = Maze.cpp; sourceTree = "<group>"; };
		0AEE07F22716BD9A003E1838 /* Position.cpp */ = {isa = PBXFileReference; fileEncoding = 4; lastKnownFileType = sourcecode.cpp.cpp; path = Position.cpp; sourceTree = "<group>"; };
		0AEE07F32716BD9A003E1838 /* Game.h */ = {isa = PBXFileReference; fileEncoding = 4; lastKnownFileType = sourcecode.c.h; path = Game.h; sourceTree = "<group>"; };
		0AEE07F82716C046003E1838 /* Supercharger.cpp */ = {isa = PBXFileReference; lastKnownFileType = sourcecode.cpp.cpp; path = Supercharger.cpp; sourceTree = "<group>"; };
		0AEE07F92716C046003E1838 /* Supercharger.hpp */ = {isa = PBXFileReference; lastKnownFileType = sourcecode.cpp.h; path = Supercharger.hpp; sourceTree = "<group>"; };
		0AEE07FB2716C1FE003E1838 /* map.txt */ = {isa = PBXFileReference; lastKnownFileType = text; path = map.txt; sourceTree = "<group>"; };
/* End PBXFileReference section */

/* Begin PBXFrameworksBuildPhase section */
		0AEE07DF2716BD6E003E1838 /* Frameworks */ = {
			isa = PBXFrameworksBuildPhase;
			buildActionMask = 2147483647;
			files = (
			);
			runOnlyForDeploymentPostprocessing = 0;
		};
/* End PBXFrameworksBuildPhase section */

/* Begin PBXGroup section */
		0AEE07D92716BD6D003E1838 = {
			isa = PBXGroup;
			children = (
				0AEE07E42716BD6E003E1838 /* elektromobil */,
				0AEE07E32716BD6E003E1838 /* Products */,
			);
			sourceTree = "<group>";
		};
		0AEE07E32716BD6E003E1838 /* Products */ = {
			isa = PBXGroup;
			children = (
				0AEE07E22716BD6E003E1838 /* elektromobil */,
			);
			name = Products;
			sourceTree = "<group>";
		};
		0AEE07E42716BD6E003E1838 /* elektromobil */ = {
			isa = PBXGroup;
			children = (
				0AEE07F02716BD9A003E1838 /* Game.cpp */,
				0AEE07F32716BD9A003E1838 /* Game.h */,
				0AEE07F12716BD9A003E1838 /* Maze.cpp */,
				0AEE07EF2716BD9A003E1838 /* Maze.h */,
				0AEE07F22716BD9A003E1838 /* Position.cpp */,
				0AEE07EE2716BD9A003E1838 /* Position.h */,
				0AEE07EC2716BD9A003E1838 /* Tesla.cpp */,
				0AEE07ED2716BD9A003E1838 /* Tesla.h */,
				0AEE07E52716BD6E003E1838 /* main.cpp */,
				0AEE07F82716C046003E1838 /* Supercharger.cpp */,
				0AEE07F92716C046003E1838 /* Supercharger.hpp */,
				0AEE07FB2716C1FE003E1838 /* map.txt */,
			);
			path = elektromobil;
			sourceTree = "<group>";
		};
/* End PBXGroup section */

/* Begin PBXNativeTarget section */
		0AEE07E12716BD6E003E1838 /* elektromobil */ = {
			isa = PBXNativeTarget;
			buildConfigurationList = 0AEE07E92716BD6E003E1838 /* Build configuration list for PBXNativeTarget "elektromobil" */;
			buildPhases = (
				0AEE07DE2716BD6E003E1838 /* Sources */,
				0AEE07DF2716BD6E003E1838 /* Frameworks */,
				0AEE07E02716BD6E003E1838 /* CopyFiles */,
			);
			buildRules = (
			);
			dependencies = (
			);
			name = elektromobil;
			productName = elektromobil;
			productReference = 0AEE07E22716BD6E003E1838 /* elektromobil */;
			productType = "com.apple.product-type.tool";
		};
/* End PBXNativeTarget section */

/* Begin PBXProject section */
		0AEE07DA2716BD6D003E1838 /* Project object */ = {
			isa = PBXProject;
			attributes = {
				LastUpgradeCheck = 1250;
				TargetAttributes = {
					0AEE07E12716BD6E003E1838 = {
						CreatedOnToolsVersion = 12.5.1;
					};
				};
			};
			buildConfigurationList = 0AEE07DD2716BD6D003E1838 /* Build configuration list for PBXProject "elektromobil" */;
			compatibilityVersion = "Xcode 9.3";
			developmentRegion = en;
			hasScannedForEncodings = 0;
			knownRegions = (
				en,
				Base,
			);
			mainGroup = 0AEE07D92716BD6D003E1838;
			productRefGroup = 0AEE07E32716BD6E003E1838 /* Products */;
			projectDirPath = "";
			projectRoot = "";
			targets = (
				0AEE07E12716BD6E003E1838 /* elektromobil */,
			);
		};
/* End PBXProject section */

/* Begin PBXSourcesBuildPhase section */
		0AEE07DE2716BD6E003E1838 /* Sources */ = {
			isa = PBXSourcesBuildPhase;
			buildActionMask = 2147483647;
			files = (
				0AEE07F52716BD9A003E1838 /* Game.cpp in Sources */,
				0AEE07F42716BD9A003E1838 /* Tesla.cpp in Sources */,
				0AEE07FA2716C046003E1838 /* Supercharger.cpp in Sources */,
				0AEE07F62716BD9A003E1838 /* Maze.cpp in Sources */,
				0AEE07E62716BD6E003E1838 /* main.cpp in Sources */,
				0AEE07F72716BD9A003E1838 /* Position.cpp in Sources */,
			);
			runOnlyForDeploymentPostprocessing = 0;
		};
/* End PBXSourcesBuildPhase section */

/* Begin XCBuildConfiguration section */
		0AEE07E72716BD6E003E1838 /* Debug */ = {
			isa = XCBuildConfiguration;
			buildSettings = {
				ALWAYS_SEARCH_USER_PATHS = NO;
				CLANG_ANALYZER_NONNULL = YES;
				CLANG_ANALYZER_NUMBER_OBJECT_CONVERSION = YES_AGGRESSIVE;
				CLANG_CXX_LANGUAGE_STANDARD = "gnu++14";
				CLANG_CXX_LIBRARY = "libc++";
				CLANG_ENABLE_MODULES = YES;
				CLANG_ENABLE_OBJC_ARC = YES;
				CLANG_ENABLE_OBJC_WEAK = YES;
				CLANG_WARN_BLOCK_CAPTURE_AUTORELEASING = YES;
				CLANG_WARN_BOOL_CONVERSION = YES;
				CLANG_WARN_COMMA = YES;
				CLANG_WARN_CONSTANT_CONVERSION = YES;
				CLANG_WARN_DEPRECATED_OBJC_IMPLEMENTATIONS = YES;
				CLANG_WARN_DIRECT_OBJC_ISA_USAGE = YES_ERROR;
				CLANG_WARN_DOCUMENTATION_COMMENTS = YES;
				CLANG_WARN_EMPTY_BODY = YES;
				CLANG_WARN_ENUM_CONVERSION = YES;
				CLANG_WARN_INFINITE_RECURSION = YES;
				CLANG_WARN_INT_CONVERSION = YES;
				CLANG_WARN_NON_LITERAL_NULL_CONVERSION = YES;
				CLANG_WARN_OBJC_IMPLICIT_RETAIN_SELF = YES;
				CLANG_WARN_OBJC_LITERAL_CONVERSION = YES;
				CLANG_WARN_OBJC_ROOT_CLASS = YES_ERROR;
				CLANG_WARN_QUOTED_INCLUDE_IN_FRAMEWORK_HEADER = YES;
				CLANG_WARN_RANGE_LOOP_ANALYSIS = YES;
				CLANG_WARN_STRICT_PROTOTYPES = YES;
				CLANG_WARN_SUSPICIOUS_MOVE = YES;
				CLANG_WARN_UNGUARDED_AVAILABILITY = YES_AGGRESSIVE;
				CLANG_WARN_UNREACHABLE_CODE = YES;
				CLANG_WARN__DUPLICATE_METHOD_MATCH = YES;
				COPY_PHASE_STRIP = NO;
				DEBUG_INFORMATION_FORMAT = dwarf;
				ENABLE_STRICT_OBJC_MSGSEND = YES;
				ENABLE_TESTABILITY = YES;
				GCC_C_LANGUAGE_STANDARD = gnu11;
				GCC_DYNAMIC_NO_PIC = NO;
				GCC_NO_COMMON_BLOCKS = YES;
				GCC_OPTIMIZATION_LEVEL = 0;
				GCC_PREPROCESSOR_DEFINITIONS = (
					"DEBUG=1",
					"$(inherited)",
				);
				GCC_WARN_64_TO_32_BIT_CONVERSION = YES;
				GCC_WARN_ABOUT_RETURN_TYPE = YES_ERROR;
				GCC_WARN_UNDECLARED_SELECTOR = YES;
				GCC_WARN_UNINITIALIZED_AUTOS = YES_AGGRESSIVE;
				GCC_WARN_UNUSED_FUNCTION = YES;
				GCC_WARN_UNUSED_VARIABLE = YES;
				MACOSX_DEPLOYMENT_TARGET = 11.3;
				MTL_ENABLE_DEBUG_INFO = INCLUDE_SOURCE;
				MTL_FAST_MATH = YES;
				ONLY_ACTIVE_ARCH = YES;
				SDKROOT = macosx;
			};
			name = Debug;
		};
		0AEE07E82716BD6E003E1838 /* Release */ = {
			isa = XCBuildConfiguration;
			buildSettings = {
				ALWAYS_SEARCH_USER_PATHS = NO;
				CLANG_ANALYZER_NONNULL = YES;
				CLANG_ANALYZER_NUMBER_OBJECT_CONVERSION = YES_AGGRESSIVE;
				CLANG_CXX_LANGUAGE_STANDARD = "gnu++14";
				CLANG_CXX_LIBRARY = "libc++";
				CLANG_ENABLE_MODULES = YES;
				CLANG_ENABLE_OBJC_ARC = YES;
				CLANG_ENABLE_OBJC_WEAK = YES;
				CLANG_WARN_BLOCK_CAPTURE_AUTORELEASING = YES;
				CLANG_WARN_BOOL_CONVERSION = YES;
				CLANG_WARN_COMMA = YES;
				CLANG_WARN_CONSTANT_CONVERSION = YES;
				CLANG_WARN_DEPRECATED_OBJC_IMPLEMENTATIONS = YES;
				CLANG_WARN_DIRECT_OBJC_ISA_USAGE = YES_ERROR;
				CLANG_WARN_DOCUMENTATION_COMMENTS = YES;
				CLANG_WARN_EMPTY_BODY = YES;
				CLANG_WARN_ENUM_CONVERSION = YES;
				CLANG_WARN_INFINITE_RECURSION = YES;
				CLANG_WARN_INT_CONVERSION = YES;
				CLANG_WARN_NON_LITERAL_NULL_CONVERSION = YES;
				CLANG_WARN_OBJC_IMPLICIT_RETAIN_SELF = YES;
				CLANG_WARN_OBJC_LITERAL_CONVERSION = YES;
				CLANG_WARN_OBJC_ROOT_CLASS = YES_ERROR;
				CLANG_WARN_QUOTED_INCLUDE_IN_FRAMEWORK_HEADER = YES;
				CLANG_WARN_RANGE_LOOP_ANALYSIS = YES;
				CLANG_WARN_STRICT_PROTOTYPES = YES;
				CLANG_WARN_SUSPICIOUS_MOVE = YES;
				CLANG_WARN_UNGUARDED_AVAILABILITY = YES_AGGRESSIVE;
				CLANG_WARN_UNREACHABLE_CODE = YES;
				CLANG_WARN__DUPLICATE_METHOD_MATCH = YES;
				COPY_PHASE_STRIP = NO;
				DEBUG_INFORMATION_FORMAT = "dwarf-with-dsym";
				ENABLE_NS_ASSERTIONS = NO;
				ENABLE_STRICT_OBJC_MSGSEND = YES;
				GCC_C_LANGUAGE_STANDARD = gnu11;
				GCC_NO_COMMON_BLOCKS = YES;
				GCC_WARN_64_TO_32_BIT_CONVERSION = YES;
				GCC_WARN_ABOUT_RETURN_TYPE = YES_ERROR;
				GCC_WARN_UNDECLARED_SELECTOR = YES;
				GCC_WARN_UNINITIALIZED_AUTOS = YES_AGGRESSIVE;
				GCC_WARN_UNUSED_FUNCTION = YES;
				GCC_WARN_UNUSED_VARIABLE = YES;
				MACOSX_DEPLOYMENT_TARGET = 11.3;
				MTL_ENABLE_DEBUG_INFO = NO;
				MTL_FAST_MATH = YES;
				SDKROOT = macosx;
			};
			name = Release;
		};
		0AEE07EA2716BD6E003E1838 /* Debug */ = {
			isa = XCBuildConfiguration;
			buildSettings = {
				CODE_SIGN_STYLE = Automatic;
				PRODUCT_NAME = "$(TARGET_NAME)";
			};
			name = Debug;
		};
		0AEE07EB2716BD6E003E1838 /* Release */ = {
			isa = XCBuildConfiguration;
			buildSettings = {
				CODE_SIGN_STYLE = Automatic;
				PRODUCT_NAME = "$(TARGET_NAME)";
			};
			name = Release;
		};
/* End XCBuildConfiguration section */

/* Begin XCConfigurationList section */
		0AEE07DD2716BD6D003E1838 /* Build configuration list for PBXProject "elektromobil" */ = {
			isa = XCConfigurationList;
			buildConfigurations = (
				0AEE07E72716BD6E003E1838 /* Debug */,
				0AEE07E82716BD6E003E1838 /* Release */,
			);
			defaultConfigurationIsVisible = 0;
			defaultConfigurationName = Release;
		};
		0AEE07E92716BD6E003E1838 /* Build configuration list for PBXNativeTarget "elektromobil" */ = {
			isa = XCConfigurationList;
			buildConfigurations = (
				0AEE07EA2716BD6E003E1838 /* Debug */,
				0AEE07EB2716BD6E003E1838 /* Release */,
			);
			defaultConfigurationIsVisible = 0;
			defaultConfigurationName = Release;
		};
/* End XCConfigurationList section */
	};
	rootObject = 0AEE07DA2716BD6D003E1838 /* Project object */;
}
